// !$*UTF8*$!
{
	archiveVersion = 1;
	classes = {
	};
	objectVersion = 46;
	objects = {

/* Begin PBXBuildFile section */
		DE70AF5F1F3E7CCD00E653B3 /* AppDelegate.swift in Sources */ = {isa = PBXBuildFile; fileRef = DE70AF5E1F3E7CCD00E653B3 /* AppDelegate.swift */; };
		DE70AF611F3E7CCD00E653B3 /* ViewController.swift in Sources */ = {isa = PBXBuildFile; fileRef = DE70AF601F3E7CCD00E653B3 /* ViewController.swift */; };
		DE70AF641F3E7CCD00E653B3 /* Main.storyboard in Resources */ = {isa = PBXBuildFile; fileRef = DE70AF621F3E7CCD00E653B3 /* Main.storyboard */; };
		DE70AF661F3E7CCD00E653B3 /* Assets.xcassets in Resources */ = {isa = PBXBuildFile; fileRef = DE70AF651F3E7CCD00E653B3 /* Assets.xcassets */; };
		DE70AF691F3E7CCD00E653B3 /* LaunchScreen.storyboard in Resources */ = {isa = PBXBuildFile; fileRef = DE70AF671F3E7CCD00E653B3 /* LaunchScreen.storyboard */; };
/* End PBXBuildFile section */

/* Begin PBXFileReference section */
		DE70AF5B1F3E7CCD00E653B3 /* Xcode8GitExample.app */ = {isa = PBXFileReference; explicitFileType = wrapper.application; includeInIndex = 0; path = Xcode8GitExample.app; sourceTree = BUILT_PRODUCTS_DIR; };
		DE70AF5E1F3E7CCD00E653B3 /* AppDelegate.swift */ = {isa = PBXFileReference; lastKnownFileType = sourcecode.swift; path = AppDelegate.swift; sourceTree = "<group>"; };
		DE70AF601F3E7CCD00E653B3 /* ViewController.swift */ = {isa = PBXFileReference; lastKnownFileType = sourcecode.swift; path = ViewController.swift; sourceTree = "<group>"; };
		DE70AF631F3E7CCD00E653B3 /* Base */ = {isa = PBXFileReference; lastKnownFileType = file.storyboard; name = Base; path = Base.lproj/Main.storyboard; sourceTree = "<group>"; };
		DE70AF651F3E7CCD00E653B3 /* Assets.xcassets */ = {isa = PBXFileReference; lastKnownFileType = folder.assetcatalog; path = Assets.xcassets; sourceTree = "<group>"; };
		DE70AF681F3E7CCD00E653B3 /* Base */ = {isa = PBXFileReference; lastKnownFileType = file.storyboard; name = Base; path = Base.lproj/LaunchScreen.storyboard; sourceTree = "<group>"; };
		DE70AF6A1F3E7CCD00E653B3 /* Info.plist */ = {isa = PBXFileReference; lastKnownFileType = text.plist.xml; path = Info.plist; sourceTree = "<group>"; };
/* End PBXFileReference section */

/* Begin PBXFrameworksBuildPhase section */
		DE70AF581F3E7CCD00E653B3 /* Frameworks */ = {
			isa = PBXFrameworksBuildPhase;
			buildActionMask = 2147483647;
			files = (
			);
			runOnlyForDeploymentPostprocessing = 0;
		};
/* End PBXFrameworksBuildPhase section */

/* Begin PBXGroup section */
		DE70AF521F3E7CCD00E653B3 = {
			isa = PBXGroup;
			children = (
				DE70AF5D1F3E7CCD00E653B3 /* Xcode8GitExample */,
				DE70AF5C1F3E7CCD00E653B3 /* Products */,
			);
			sourceTree = "<group>";
		};
		DE70AF5C1F3E7CCD00E653B3 /* Products */ = {
			isa = PBXGroup;
			children = (
				DE70AF5B1F3E7CCD00E653B3 /* Xcode8GitExample.app */,
			);
			name = Products;
			sourceTree = "<group>";
		};
		DE70AF5D1F3E7CCD00E653B3 /* Xcode8GitExample */ = {
			isa = PBXGroup;
			children = (
				DE70AF5E1F3E7CCD00E653B3 /* AppDelegate.swift */,
				DE70AF601F3E7CCD00E653B3 /* ViewController.swift */,
				DE70AF621F3E7CCD00E653B3 /* Main.storyboard */,
				DE70AF651F3E7CCD00E653B3 /* Assets.xcassets */,
				DE70AF671F3E7CCD00E653B3 /* LaunchScreen.storyboard */,
				DE70AF6A1F3E7CCD00E653B3 /* Info.plist */,
			);
			path = Xcode8GitExample;
			sourceTree = "<group>";
		};
/* End PBXGroup section */

/* Begin PBXNativeTarget section */
		DE70AF5A1F3E7CCD00E653B3 /* Xcode8GitExample */ = {
			isa = PBXNativeTarget;
			buildConfigurationList = DE70AF6D1F3E7CCD00E653B3 /* Build configuration list for PBXNativeTarget "Xcode8GitExample" */;
			buildPhases = (
				DE70AF571F3E7CCD00E653B3 /* Sources */,
				DE70AF581F3E7CCD00E653B3 /* Frameworks */,
				DE70AF591F3E7CCD00E653B3 /* Resources */,
			);
			buildRules = (
			);
			dependencies = (
			);
			name = Xcode8GitExample;
			productName = Xcode8GitExample;
			productReference = DE70AF5B1F3E7CCD00E653B3 /* Xcode8GitExample.app */;
			productType = "com.apple.product-type.application";
		};
/* End PBXNativeTarget section */

/* Begin PBXProject section */
		DE70AF531F3E7CCD00E653B3 /* Project object */ = {
			isa = PBXProject;
			attributes = {
				LastSwiftUpdateCheck = 0820;
				LastUpgradeCheck = 0820;
				ORGANIZATIONNAME = LIVE;
				TargetAttributes = {
					DE70AF5A1F3E7CCD00E653B3 = {
						CreatedOnToolsVersion = 8.2.1;
						DevelopmentTeam = 7QCZEUGGMU;
						ProvisioningStyle = Automatic;
					};
				};
			};
			buildConfigurationList = DE70AF561F3E7CCD00E653B3 /* Build configuration list for PBXProject "Xcode8GitExample" */;
			compatibilityVersion = "Xcode 3.2";
			developmentRegion = English;
			hasScannedForEncodings = 0;
			knownRegions = (
				en,
				Base,
			);
			mainGroup = DE70AF521F3E7CCD00E653B3;
			productRefGroup = DE70AF5C1F3E7CCD00E653B3 /* Products */;
			projectDirPath = "";
			projectRoot = "";
			targets = (
				DE70AF5A1F3E7CCD00E653B3 /* Xcode8GitExample */,
			);
		};
/* End PBXProject section */

/* Begin PBXResourcesBuildPhase section */
		DE70AF591F3E7CCD00E653B3 /* Resources */ = {
			isa = PBXResourcesBuildPhase;
			buildActionMask = 2147483647;
			files = (
				DE70AF691F3E7CCD00E653B3 /* LaunchScreen.storyboard in Resources */,
				DE70AF661F3E7CCD00E653B3 /* Assets.xcassets in Resources */,
				DE70AF641F3E7CCD00E653B3 /* Main.storyboard in Resources */,
			);
			runOnlyForDeploymentPostprocessing = 0;
		};
/* End PBXResourcesBuildPhase section */

/* Begin PBXSourcesBuildPhase section */
		DE70AF571F3E7CCD00E653B3 /* Sources */ = {
			isa = PBXSourcesBuildPhase;
			buildActionMask = 2147483647;
			files = (
				DE70AF611F3E7CCD00E653B3 /* ViewController.swift in Sources */,
				DE70AF5F1F3E7CCD00E653B3 /* AppDelegate.swift in Sources */,
			);
			runOnlyForDeploymentPostprocessing = 0;
		};
/* End PBXSourcesBuildPhase section */

/* Begin PBXVariantGroup section */
		DE70AF621F3E7CCD00E653B3 /* Main.storyboard */ = {
			isa = PBXVariantGroup;
			children = (
				DE70AF631F3E7CCD00E653B3 /* Base */,
			);
			name = Main.storyboard;
			sourceTree = "<group>";
		};
		DE70AF671F3E7CCD00E653B3 /* LaunchScreen.storyboard */ = {
			isa = PBXVariantGroup;
			children = (
				DE70AF681F3E7CCD00E653B3 /* Base */,
			);
			name = LaunchScreen.storyboard;
			sourceTree = "<group>";
		};
/* End PBXVariantGroup section */

/* Begin XCBuildConfiguration section */
		DE70AF6B1F3E7CCD00E653B3 /* Debug */ = {
			isa = XCBuildConfiguration;
			buildSettings = {
				ALWAYS_SEARCH_USER_PATHS = NO;
				CLANG_ANALYZER_NONNULL = YES;
				CLANG_CXX_LANGUAGE_STANDARD = "gnu++0x";
				CLANG_CXX_LIBRARY = "libc++";
				CLANG_ENABLE_MODULES = YES;
				CLANG_ENABLE_OBJC_ARC = YES;
				CLANG_WARN_BOOL_CONVERSION = YES;
				CLANG_WARN_CONSTANT_CONVERSION = YES;
				CLANG_WARN_DIRECT_OBJC_ISA_USAGE = YES_ERROR;
				CLANG_WARN_DOCUMENTATION_COMMENTS = YES;
				CLANG_WARN_EMPTY_BODY = YES;
				CLANG_WARN_ENUM_CONVERSION = YES;
				CLANG_WARN_INFINITE_RECURSION = YES;
				CLANG_WARN_INT_CONVERSION = YES;
				CLANG_WARN_OBJC_ROOT_CLASS = YES_ERROR;
				CLANG_WARN_SUSPICIOUS_MOVE = YES;
				CLANG_WARN_UNREACHABLE_CODE = YES;
				CLANG_WARN__DUPLICATE_METHOD_MATCH = YES;
				"CODE_SIGN_IDENTITY[sdk=iphoneos*]" = "iPhone Developer";
				COPY_PHASE_STRIP = NO;
				DEBUG_INFORMATION_FORMAT = dwarf;
				ENABLE_STRICT_OBJC_MSGSEND = YES;
				ENABLE_TESTABILITY = YES;
				GCC_C_LANGUAGE_STANDARD = gnu99;
				GCC_DYNAMIC_NO_PIC = NO;
				GCC_NO_COMMON_BLOCKS = YES;
				GCC_OPTIMIZATION_LEVEL = 0;
				GCC_PREPROCESSOR_DEFINITIONS = (
					"DEBUG=1",
					"$(inherited)",
				);
				GCC_WARN_64_TO_32_BIT_CONVERSION = YES;
				GCC_WARN_ABOUT_RETURN_TYPE = YES_ERROR;
				GCC_WARN_UNDECLARED_SELECTOR = YES;
				GCC_WARN_UNINITIALIZED_AUTOS = YES_AGGRESSIVE;
				GCC_WARN_UNUSED_FUNCTION = YES;
				GCC_WARN_UNUSED_VARIABLE = YES;
				IPHONEOS_DEPLOYMENT_TARGET = 10.2;
				MTL_ENABLE_DEBUG_INFO = YES;
				ONLY_ACTIVE_ARCH = YES;
				SDKROOT = iphoneos;
				SWIFT_ACTIVE_COMPILATION_CONDITIONS = DEBUG;
				SWIFT_OPTIMIZATION_LEVEL = "-Onone";
			};
			name = Debug;
		};
		DE70AF6C1F3E7CCD00E653B3 /* Release */ = {
			isa = XCBuildConfiguration;
			buildSettings = {
				ALWAYS_SEARCH_USER_PATHS = NO;
				CLANG_ANALYZER_NONNULL = YES;
				CLANG_CXX_LANGUAGE_STANDARD = "gnu++0x";
				CLANG_CXX_LIBRARY = "libc++";
				CLANG_ENABLE_MODULES = YES;
				CLANG_ENABLE_OBJC_ARC = YES;
				CLANG_WARN_BOOL_CONVERSION = YES;
				CLANG_WARN_CONSTANT_CONVERSION = YES;
				CLANG_WARN_DIRECT_OBJC_ISA_USAGE = YES_ERROR;
				CLANG_WARN_DOCUMENTATION_COMMENTS = YES;
				CLANG_WARN_EMPTY_BODY = YES;
				CLANG_WARN_ENUM_CONVERSION = YES;
				CLANG_WARN_INFINITE_RECURSION = YES;
				CLANG_WARN_INT_CONVERSION = YES;
				CLANG_WARN_OBJC_ROOT_CLASS = YES_ERROR;
				CLANG_WARN_SUSPICIOUS_MOVE = YES;
				CLANG_WARN_UNREACHABLE_CODE = YES;
				CLANG_WARN__DUPLICATE_METHOD_MATCH = YES;
				"CODE_SIGN_IDENTITY[sdk=iphoneos*]" = "iPhone Developer";
				COPY_PHASE_STRIP = NO;
				DEBUG_INFORMATION_FORMAT = "dwarf-with-dsym";
				ENABLE_NS_ASSERTIONS = NO;
				ENABLE_STRICT_OBJC_MSGSEND = YES;
				GCC_C_LANGUAGE_STANDARD = gnu99;
				GCC_NO_COMMON_BLOCKS = YES;
				GCC_WARN_64_TO_32_BIT_CONVERSION = YES;
				GCC_WARN_ABOUT_RETURN_TYPE = YES_ERROR;
				GCC_WARN_UNDECLARED_SELECTOR = YES;
				GCC_WARN_UNINITIALIZED_AUTOS = YES_AGGRESSIVE;
				GCC_WARN_UNUSED_FUNCTION = YES;
				GCC_WARN_UNUSED_VARIABLE = YES;
				IPHONEOS_DEPLOYMENT_TARGET = 10.2;
				MTL_ENABLE_DEBUG_INFO = NO;
				SDKROOT = iphoneos;
				SWIFT_OPTIMIZATION_LEVEL = "-Owholemodule";
				VALIDATE_PRODUCT = YES;
			};
			name = Release;
		};
		DE70AF6E1F3E7CCD00E653B3 /* Debug */ = {
			isa = XCBuildConfiguration;
			buildSettings = {
				ASSETCATALOG_COMPILER_APPICON_NAME = AppIcon;
				DEVELOPMENT_TEAM = 7QCZEUGGMU;
				INFOPLIST_FILE = Xcode8GitExample/Info.plist;
				LD_RUNPATH_SEARCH_PATHS = "$(inherited) @executable_path/Frameworks";
				PRODUCT_BUNDLE_IDENTIFIER = com.live.Xcode8GitExample;
				PRODUCT_NAME = "$(TARGET_NAME)";
				SWIFT_VERSION = 3.0;
			};
			name = Debug;
		};
		DE70AF6F1F3E7CCD00E653B3 /* Release */ = {
			isa = XCBuildConfiguration;
			buildSettings = {
				ASSETCATALOG_COMPILER_APPICON_NAME = AppIcon;
				DEVELOPMENT_TEAM = 7QCZEUGGMU;
				INFOPLIST_FILE = Xcode8GitExample/Info.plist;
				LD_RUNPATH_SEARCH_PATHS = "$(inherited) @executable_path/Frameworks";
				PRODUCT_BUNDLE_IDENTIFIER = com.live.Xcode8GitExample;
				PRODUCT_NAME = "$(TARGET_NAME)";
				SWIFT_VERSION = 3.0;
			};
			name = Release;
		};
/* End XCBuildConfiguration section */

/* Begin XCConfigurationList section */
		DE70AF561F3E7CCD00E653B3 /* Build configuration list for PBXProject "Xcode8GitExample" */ = {
			isa = XCConfigurationList;
			buildConfigurations = (
				DE70AF6B1F3E7CCD00E653B3 /* Debug */,
				DE70AF6C1F3E7CCD00E653B3 /* Release */,
			);
			defaultConfigurationIsVisible = 0;
			defaultConfigurationName = Release;
		};
		DE70AF6D1F3E7CCD00E653B3 /* Build configuration list for PBXNativeTarget "Xcode8GitExample" */ = {
			isa = XCConfigurationList;
			buildConfigurations = (
				DE70AF6E1F3E7CCD00E653B3 /* Debug */,
				DE70AF6F1F3E7CCD00E653B3 /* Release */,
			);
			defaultConfigurationIsVisible = 0;
		};
/* End XCConfigurationList section */
	};
	rootObject = DE70AF531F3E7CCD00E653B3 /* Project object */;
}
